// !$*UTF8*$!
{
	archiveVersion = 1;
	classes = {
	};
	objectVersion = 46;
	objects = {

/* Begin PBXBuildFile section */
		E42424171ECA8FA50055A715 /* Assets.xcassets in Resources */ = {isa = PBXBuildFile; fileRef = E42424161ECA8FA50055A715 /* Assets.xcassets */; };
		E42424251ECA8FA50055A715 /* JJA_SwiftTests.swift in Sources */ = {isa = PBXBuildFile; fileRef = E42424241ECA8FA50055A715 /* JJA_SwiftTests.swift */; };
		E42424301ECA8FA50055A715 /* JJA_SwiftUITests.swift in Sources */ = {isa = PBXBuildFile; fileRef = E424242F1ECA8FA50055A715 /* JJA_SwiftUITests.swift */; };
		E42490F61EF1196300343E62 /* HTTPService.swift in Sources */ = {isa = PBXBuildFile; fileRef = E42490F51EF1196300343E62 /* HTTPService.swift */; };
		E42490F81EF1201500343E62 /* QLHTTPTools.swift in Sources */ = {isa = PBXBuildFile; fileRef = E42490F71EF1201500343E62 /* QLHTTPTools.swift */; };
		E42490FC1EF13E5E00343E62 /* JsonModelProtocal.swift in Sources */ = {isa = PBXBuildFile; fileRef = E42490FB1EF13E5E00343E62 /* JsonModelProtocal.swift */; };
		E45D34B71EEF786A0083C93D /* meng.json in Resources */ = {isa = PBXBuildFile; fileRef = E45D34B61EEF786A0083C93D /* meng.json */; };
		E45D34C21EEF94890083C93D /* main.json in Resources */ = {isa = PBXBuildFile; fileRef = E45D34C11EEF94890083C93D /* main.json */; };
		E45D34CB1EEF96420083C93D /* HomeViewController.swift in Sources */ = {isa = PBXBuildFile; fileRef = E45D34CA1EEF96420083C93D /* HomeViewController.swift */; };
		E45D34CD1EEF96630083C93D /* ManagerViewController.swift in Sources */ = {isa = PBXBuildFile; fileRef = E45D34CC1EEF96630083C93D /* ManagerViewController.swift */; };
		E45D34CF1EEF96B60083C93D /* ProfileViewController.swift in Sources */ = {isa = PBXBuildFile; fileRef = E45D34CE1EEF96B60083C93D /* ProfileViewController.swift */; };
		E45D34D11EEF96C50083C93D /* MessageViewController.swift in Sources */ = {isa = PBXBuildFile; fileRef = E45D34D01EEF96C50083C93D /* MessageViewController.swift */; };
		E49D76121F3A06C800846985 /* JJAConfigModel.swift in Sources */ = {isa = PBXBuildFile; fileRef = E49D76111F3A06C800846985 /* JJAConfigModel.swift */; };
		E49D76141F3A0AF500846985 /* AccountModel.swift in Sources */ = {isa = PBXBuildFile; fileRef = E49D76131F3A0AF500846985 /* AccountModel.swift */; };
		E49D76181F3A0C2900846985 /* MainTabBarController.swift in Sources */ = {isa = PBXBuildFile; fileRef = E49D76161F3A0C2900846985 /* MainTabBarController.swift */; };
		E49D76191F3A0C2900846985 /* NavigationController.swift in Sources */ = {isa = PBXBuildFile; fileRef = E49D76171F3A0C2900846985 /* NavigationController.swift */; };
		E49D761C1F3A0C8E00846985 /* JJANewFeatureView.swift in Sources */ = {isa = PBXBuildFile; fileRef = E49D761B1F3A0C8E00846985 /* JJANewFeatureView.swift */; };
		E49D761F1F3A0E2900846985 /* UIScreen+QLExtension.swift in Sources */ = {isa = PBXBuildFile; fileRef = E49D761E1F3A0E2900846985 /* UIScreen+QLExtension.swift */; };
		E49D76211F3A13CD00846985 /* UIBarButtonItem+QLExtension.swift in Sources */ = {isa = PBXBuildFile; fileRef = E49D76201F3A13CD00846985 /* UIBarButtonItem+QLExtension.swift */; };
		E49D76231F3A15C600846985 /* BaseViewController.swift in Sources */ = {isa = PBXBuildFile; fileRef = E49D76221F3A15C600846985 /* BaseViewController.swift */; };
		E49D76251F3A17FB00846985 /* JJALoginController.swift in Sources */ = {isa = PBXBuildFile; fileRef = E49D76241F3A17FB00846985 /* JJALoginController.swift */; };
		E49D76271F3AAC9600846985 /* String+QLFilepath.swift in Sources */ = {isa = PBXBuildFile; fileRef = E49D76261F3AAC9600846985 /* String+QLFilepath.swift */; };
		E49D76291F3AF19500846985 /* UIDeviceExtension.swift in Sources */ = {isa = PBXBuildFile; fileRef = E49D76281F3AF19500846985 /* UIDeviceExtension.swift */; };
		E4CD7C951EE2C78800077BDD /* AppDelegate.swift in Sources */ = {isa = PBXBuildFile; fileRef = E4CD7C941EE2C78800077BDD /* AppDelegate.swift */; };
		E4D654D51EE847A40087874E /* AppDelegate+QLCommon.swift in Sources */ = {isa = PBXBuildFile; fileRef = E4D654D41EE847A40087874E /* AppDelegate+QLCommon.swift */; };
		E4D654D81EE84BFE0087874E /* AppCommonInfo.swift in Sources */ = {isa = PBXBuildFile; fileRef = E4D654D71EE84BFE0087874E /* AppCommonInfo.swift */; };
		E4D654DA1EE8514E0087874E /* QLGlobalUtils.swift in Sources */ = {isa = PBXBuildFile; fileRef = E4D654D91EE8514E0087874E /* QLGlobalUtils.swift */; };
		E4D654DD1EE855810087874E /* Info.plist in Resources */ = {isa = PBXBuildFile; fileRef = E4D654DC1EE855810087874E /* Info.plist */; };
		F70491CFD57BF8E597A25293 /* Pods_JJA_Swift.framework in Frameworks */ = {isa = PBXBuildFile; fileRef = 1A3CF805D806EDA066C9EEF6 /* Pods_JJA_Swift.framework */; };
/* End PBXBuildFile section */

/* Begin PBXContainerItemProxy section */
		E42424211ECA8FA50055A715 /* PBXContainerItemProxy */ = {
			isa = PBXContainerItemProxy;
			containerPortal = E42424041ECA8FA50055A715 /* Project object */;
			proxyType = 1;
			remoteGlobalIDString = E424240B1ECA8FA50055A715;
			remoteInfo = JJA_Swift;
		};
		E424242C1ECA8FA50055A715 /* PBXContainerItemProxy */ = {
			isa = PBXContainerItemProxy;
			containerPortal = E42424041ECA8FA50055A715 /* Project object */;
			proxyType = 1;
			remoteGlobalIDString = E424240B1ECA8FA50055A715;
			remoteInfo = JJA_Swift;
		};
/* End PBXContainerItemProxy section */

/* Begin PBXFileReference section */
		1A3CF805D806EDA066C9EEF6 /* Pods_JJA_Swift.framework */ = {isa = PBXFileReference; explicitFileType = wrapper.framework; includeInIndex = 0; path = Pods_JJA_Swift.framework; sourceTree = BUILT_PRODUCTS_DIR; };
		26B75E4B7E55631DC185A3C8 /* Pods-JJA_Swift.release.xcconfig */ = {isa = PBXFileReference; includeInIndex = 1; lastKnownFileType = text.xcconfig; name = "Pods-JJA_Swift.release.xcconfig"; path = "Pods/Target Support Files/Pods-JJA_Swift/Pods-JJA_Swift.release.xcconfig"; sourceTree = "<group>"; };
		843C41E9AC0AB4677C76BC33 /* Pods-JJA_Swift.debug.xcconfig */ = {isa = PBXFileReference; includeInIndex = 1; lastKnownFileType = text.xcconfig; name = "Pods-JJA_Swift.debug.xcconfig"; path = "Pods/Target Support Files/Pods-JJA_Swift/Pods-JJA_Swift.debug.xcconfig"; sourceTree = "<group>"; };
		E424240C1ECA8FA50055A715 /* JJA_Swift.app */ = {isa = PBXFileReference; explicitFileType = wrapper.application; includeInIndex = 0; path = JJA_Swift.app; sourceTree = BUILT_PRODUCTS_DIR; };
		E42424161ECA8FA50055A715 /* Assets.xcassets */ = {isa = PBXFileReference; lastKnownFileType = folder.assetcatalog; name = Assets.xcassets; path = ../Assets.xcassets; sourceTree = "<group>"; };
		E42424201ECA8FA50055A715 /* JJA_SwiftTests.xctest */ = {isa = PBXFileReference; explicitFileType = wrapper.cfbundle; includeInIndex = 0; path = JJA_SwiftTests.xctest; sourceTree = BUILT_PRODUCTS_DIR; };
		E42424241ECA8FA50055A715 /* JJA_SwiftTests.swift */ = {isa = PBXFileReference; lastKnownFileType = sourcecode.swift; path = JJA_SwiftTests.swift; sourceTree = "<group>"; };
		E42424261ECA8FA50055A715 /* Info.plist */ = {isa = PBXFileReference; lastKnownFileType = text.plist.xml; path = Info.plist; sourceTree = "<group>"; };
		E424242B1ECA8FA50055A715 /* JJA_SwiftUITests.xctest */ = {isa = PBXFileReference; explicitFileType = wrapper.cfbundle; includeInIndex = 0; path = JJA_SwiftUITests.xctest; sourceTree = BUILT_PRODUCTS_DIR; };
		E424242F1ECA8FA50055A715 /* JJA_SwiftUITests.swift */ = {isa = PBXFileReference; lastKnownFileType = sourcecode.swift; path = JJA_SwiftUITests.swift; sourceTree = "<group>"; };
		E42424311ECA8FA50055A715 /* Info.plist */ = {isa = PBXFileReference; lastKnownFileType = text.plist.xml; path = Info.plist; sourceTree = "<group>"; };
		E42490F51EF1196300343E62 /* HTTPService.swift */ = {isa = PBXFileReference; fileEncoding = 4; lastKnownFileType = sourcecode.swift; path = HTTPService.swift; sourceTree = "<group>"; };
		E42490F71EF1201500343E62 /* QLHTTPTools.swift */ = {isa = PBXFileReference; fileEncoding = 4; lastKnownFileType = sourcecode.swift; path = QLHTTPTools.swift; sourceTree = "<group>"; };
		E42490FB1EF13E5E00343E62 /* JsonModelProtocal.swift */ = {isa = PBXFileReference; fileEncoding = 4; lastKnownFileType = sourcecode.swift; path = JsonModelProtocal.swift; sourceTree = "<group>"; };
		E45D34B61EEF786A0083C93D /* meng.json */ = {isa = PBXFileReference; fileEncoding = 4; lastKnownFileType = text.json; path = meng.json; sourceTree = "<group>"; };
		E45D34C11EEF94890083C93D /* main.json */ = {isa = PBXFileReference; fileEncoding = 4; lastKnownFileType = text.json; path = main.json; sourceTree = "<group>"; };
		E45D34CA1EEF96420083C93D /* HomeViewController.swift */ = {isa = PBXFileReference; fileEncoding = 4; lastKnownFileType = sourcecode.swift; path = HomeViewController.swift; sourceTree = "<group>"; };
		E45D34CC1EEF96630083C93D /* ManagerViewController.swift */ = {isa = PBXFileReference; fileEncoding = 4; lastKnownFileType = sourcecode.swift; path = ManagerViewController.swift; sourceTree = "<group>"; };
		E45D34CE1EEF96B60083C93D /* ProfileViewController.swift */ = {isa = PBXFileReference; fileEncoding = 4; lastKnownFileType = sourcecode.swift; path = ProfileViewController.swift; sourceTree = "<group>"; };
		E45D34D01EEF96C50083C93D /* MessageViewController.swift */ = {isa = PBXFileReference; fileEncoding = 4; lastKnownFileType = sourcecode.swift; path = MessageViewController.swift; sourceTree = "<group>"; };
		E49D76111F3A06C800846985 /* JJAConfigModel.swift */ = {isa = PBXFileReference; fileEncoding = 4; lastKnownFileType = sourcecode.swift; path = JJAConfigModel.swift; sourceTree = "<group>"; };
		E49D76131F3A0AF500846985 /* AccountModel.swift */ = {isa = PBXFileReference; fileEncoding = 4; lastKnownFileType = sourcecode.swift; path = AccountModel.swift; sourceTree = "<group>"; };
		E49D76161F3A0C2900846985 /* MainTabBarController.swift */ = {isa = PBXFileReference; fileEncoding = 4; lastKnownFileType = sourcecode.swift; path = MainTabBarController.swift; sourceTree = "<group>"; };
		E49D76171F3A0C2900846985 /* NavigationController.swift */ = {isa = PBXFileReference; fileEncoding = 4; lastKnownFileType = sourcecode.swift; path = NavigationController.swift; sourceTree = "<group>"; };
		E49D761B1F3A0C8E00846985 /* JJANewFeatureView.swift */ = {isa = PBXFileReference; fileEncoding = 4; lastKnownFileType = sourcecode.swift; path = JJANewFeatureView.swift; sourceTree = "<group>"; };
		E49D761E1F3A0E2900846985 /* UIScreen+QLExtension.swift */ = {isa = PBXFileReference; fileEncoding = 4; lastKnownFileType = sourcecode.swift; path = "UIScreen+QLExtension.swift"; sourceTree = "<group>"; };
		E49D76201F3A13CD00846985 /* UIBarButtonItem+QLExtension.swift */ = {isa = PBXFileReference; fileEncoding = 4; lastKnownFileType = sourcecode.swift; path = "UIBarButtonItem+QLExtension.swift"; sourceTree = "<group>"; };
		E49D76221F3A15C600846985 /* BaseViewController.swift */ = {isa = PBXFileReference; fileEncoding = 4; lastKnownFileType = sourcecode.swift; path = BaseViewController.swift; sourceTree = "<group>"; };
		E49D76241F3A17FB00846985 /* JJALoginController.swift */ = {isa = PBXFileReference; fileEncoding = 4; lastKnownFileType = sourcecode.swift; path = JJALoginController.swift; sourceTree = "<group>"; };
		E49D76261F3AAC9600846985 /* String+QLFilepath.swift */ = {isa = PBXFileReference; fileEncoding = 4; lastKnownFileType = sourcecode.swift; path = "String+QLFilepath.swift"; sourceTree = "<group>"; };
		E49D76281F3AF19500846985 /* UIDeviceExtension.swift */ = {isa = PBXFileReference; fileEncoding = 4; lastKnownFileType = sourcecode.swift; path = UIDeviceExtension.swift; sourceTree = "<group>"; };
		E4CD7C941EE2C78800077BDD /* AppDelegate.swift */ = {isa = PBXFileReference; fileEncoding = 4; lastKnownFileType = sourcecode.swift; path = AppDelegate.swift; sourceTree = "<group>"; };
		E4D654D41EE847A40087874E /* AppDelegate+QLCommon.swift */ = {isa = PBXFileReference; fileEncoding = 4; lastKnownFileType = sourcecode.swift; path = "AppDelegate+QLCommon.swift"; sourceTree = "<group>"; };
		E4D654D71EE84BFE0087874E /* AppCommonInfo.swift */ = {isa = PBXFileReference; fileEncoding = 4; lastKnownFileType = sourcecode.swift; path = AppCommonInfo.swift; sourceTree = "<group>"; };
		E4D654D91EE8514E0087874E /* QLGlobalUtils.swift */ = {isa = PBXFileReference; fileEncoding = 4; lastKnownFileType = sourcecode.swift; path = QLGlobalUtils.swift; sourceTree = "<group>"; };
		E4D654DC1EE855810087874E /* Info.plist */ = {isa = PBXFileReference; fileEncoding = 4; lastKnownFileType = text.plist.xml; path = Info.plist; sourceTree = "<group>"; };
/* End PBXFileReference section */

/* Begin PBXFrameworksBuildPhase section */
		E42424091ECA8FA50055A715 /* Frameworks */ = {
			isa = PBXFrameworksBuildPhase;
			buildActionMask = 2147483647;
			files = (
				F70491CFD57BF8E597A25293 /* Pods_JJA_Swift.framework in Frameworks */,
			);
			runOnlyForDeploymentPostprocessing = 0;
		};
		E424241D1ECA8FA50055A715 /* Frameworks */ = {
			isa = PBXFrameworksBuildPhase;
			buildActionMask = 2147483647;
			files = (
			);
			runOnlyForDeploymentPostprocessing = 0;
		};
		E42424281ECA8FA50055A715 /* Frameworks */ = {
			isa = PBXFrameworksBuildPhase;
			buildActionMask = 2147483647;
			files = (
			);
			runOnlyForDeploymentPostprocessing = 0;
		};
/* End PBXFrameworksBuildPhase section */

/* Begin PBXGroup section */
		7FB66A227D13109D80A2EC8B /* Pods */ = {
			isa = PBXGroup;
			children = (
				843C41E9AC0AB4677C76BC33 /* Pods-JJA_Swift.debug.xcconfig */,
				26B75E4B7E55631DC185A3C8 /* Pods-JJA_Swift.release.xcconfig */,
			);
			name = Pods;
			sourceTree = "<group>";
		};
		E42424031ECA8FA50055A715 = {
			isa = PBXGroup;
			children = (
				E424240E1ECA8FA50055A715 /* JJA_Swift */,
				E42424231ECA8FA50055A715 /* JJA_SwiftTests */,
				E424242E1ECA8FA50055A715 /* JJA_SwiftUITests */,
				E424240D1ECA8FA50055A715 /* Products */,
				7FB66A227D13109D80A2EC8B /* Pods */,
				E62C0DFF2CEBAACACD093B5C /* Frameworks */,
			);
			sourceTree = "<group>";
		};
		E424240D1ECA8FA50055A715 /* Products */ = {
			isa = PBXGroup;
			children = (
				E424240C1ECA8FA50055A715 /* JJA_Swift.app */,
				E42424201ECA8FA50055A715 /* JJA_SwiftTests.xctest */,
				E424242B1ECA8FA50055A715 /* JJA_SwiftUITests.xctest */,
			);
			name = Products;
			sourceTree = "<group>";
		};
		E424240E1ECA8FA50055A715 /* JJA_Swift */ = {
			isa = PBXGroup;
			children = (
				E4CD7C8E1EE2C75D00077BDD /* AppDelegate */,
				E4CD7C8F1EE2C75D00077BDD /* Base */,
				E4CD7C901EE2C75D00077BDD /* Manager */,
				E4CD7C911EE2C75D00077BDD /* Modules */,
				E4CD7C931EE2C75D00077BDD /* Utils */,
				E4BF16C51EE7AD4200204847 /* Const */,
				E4CD7C921EE2C75D00077BDD /* ThirdParty */,
				E4D654DB1EE855810087874E /* Resource */,
			);
			path = JJA_Swift;
			sourceTree = "<group>";
		};
		E42424231ECA8FA50055A715 /* JJA_SwiftTests */ = {
			isa = PBXGroup;
			children = (
				E42424241ECA8FA50055A715 /* JJA_SwiftTests.swift */,
				E42424261ECA8FA50055A715 /* Info.plist */,
			);
			path = JJA_SwiftTests;
			sourceTree = "<group>";
		};
		E424242E1ECA8FA50055A715 /* JJA_SwiftUITests */ = {
			isa = PBXGroup;
			children = (
				E424242F1ECA8FA50055A715 /* JJA_SwiftUITests.swift */,
				E42424311ECA8FA50055A715 /* Info.plist */,
			);
			path = JJA_SwiftUITests;
			sourceTree = "<group>";
		};
		E42490F41EF118FE00343E62 /* HTTPManager */ = {
			isa = PBXGroup;
			children = (
				E42490F51EF1196300343E62 /* HTTPService.swift */,
				E42490F71EF1201500343E62 /* QLHTTPTools.swift */,
				E42490FB1EF13E5E00343E62 /* JsonModelProtocal.swift */,
			);
			path = HTTPManager;
			sourceTree = "<group>";
		};
		E45D34C31EEF94AD0083C93D /* Main(主要) */ = {
			isa = PBXGroup;
			children = (
				E49D761D1F3A0CB200846985 /* Login(登录注册) */,
				E49D761A1F3A0C4800846985 /* NewFeatures(新特性页) */,
				E49D76151F3A0C2900846985 /* Controller */,
			);
			name = "Main(主要)";
			path = Main;
			sourceTree = "<group>";
		};
		E45D34C61EEF95EC0083C93D /* Home(首页) */ = {
			isa = PBXGroup;
			children = (
				E45D34CA1EEF96420083C93D /* HomeViewController.swift */,
			);
			name = "Home(首页)";
			path = Home;
			sourceTree = "<group>";
		};
		E45D34C71EEF95EC0083C93D /* Manager(管理) */ = {
			isa = PBXGroup;
			children = (
				E45D34CC1EEF96630083C93D /* ManagerViewController.swift */,
			);
			name = "Manager(管理)";
			path = Manager;
			sourceTree = "<group>";
		};
		E45D34C81EEF95EC0083C93D /* Me(我的) */ = {
			isa = PBXGroup;
			children = (
				E45D34CE1EEF96B60083C93D /* ProfileViewController.swift */,
			);
			name = "Me(我的)";
			path = Me;
			sourceTree = "<group>";
		};
		E45D34C91EEF95EC0083C93D /* Message(消息) */ = {
			isa = PBXGroup;
			children = (
				E45D34D01EEF96C50083C93D /* MessageViewController.swift */,
			);
			name = "Message(消息)";
			path = Message;
			sourceTree = "<group>";
		};
		E49D76101F3A06C800846985 /* Model */ = {
			isa = PBXGroup;
			children = (
				E49D76111F3A06C800846985 /* JJAConfigModel.swift */,
				E49D76131F3A0AF500846985 /* AccountModel.swift */,
			);
			path = Model;
			sourceTree = "<group>";
		};
		E49D76151F3A0C2900846985 /* Controller */ = {
			isa = PBXGroup;
			children = (
				E49D76161F3A0C2900846985 /* MainTabBarController.swift */,
				E49D76171F3A0C2900846985 /* NavigationController.swift */,
			);
			path = Controller;
			sourceTree = "<group>";
		};
		E49D761A1F3A0C4800846985 /* NewFeatures(新特性页) */ = {
			isa = PBXGroup;
			children = (
				E49D761B1F3A0C8E00846985 /* JJANewFeatureView.swift */,
			);
			name = "NewFeatures(新特性页)";
			path = NewFeatures;
			sourceTree = "<group>";
		};
		E49D761D1F3A0CB200846985 /* Login(登录注册) */ = {
			isa = PBXGroup;
			children = (
				E49D76241F3A17FB00846985 /* JJALoginController.swift */,
			);
			name = "Login(登录注册)";
			path = Login;
			sourceTree = "<group>";
		};
		E4BF16C51EE7AD4200204847 /* Const */ = {
			isa = PBXGroup;
			children = (
			);
			path = Const;
			sourceTree = "<group>";
		};
		E4CD7C8E1EE2C75D00077BDD /* AppDelegate */ = {
			isa = PBXGroup;
			children = (
				E4CD7C941EE2C78800077BDD /* AppDelegate.swift */,
				E4D654D41EE847A40087874E /* AppDelegate+QLCommon.swift */,
				E4D654D71EE84BFE0087874E /* AppCommonInfo.swift */,
			);
			path = AppDelegate;
			sourceTree = "<group>";
		};
		E4CD7C8F1EE2C75D00077BDD /* Base */ = {
			isa = PBXGroup;
			children = (
				E49D76221F3A15C600846985 /* BaseViewController.swift */,
			);
			path = Base;
			sourceTree = "<group>";
		};
		E4CD7C901EE2C75D00077BDD /* Manager */ = {
			isa = PBXGroup;
			children = (
				E49D76101F3A06C800846985 /* Model */,
				E42490F41EF118FE00343E62 /* HTTPManager */,
			);
			path = Manager;
			sourceTree = "<group>";
		};
		E4CD7C911EE2C75D00077BDD /* Modules */ = {
			isa = PBXGroup;
			children = (
				E45D34C31EEF94AD0083C93D /* Main(主要) */,
				E45D34C61EEF95EC0083C93D /* Home(首页) */,
				E45D34C71EEF95EC0083C93D /* Manager(管理) */,
				E45D34C81EEF95EC0083C93D /* Me(我的) */,
				E45D34C91EEF95EC0083C93D /* Message(消息) */,
			);
			path = Modules;
			sourceTree = "<group>";
		};
		E4CD7C921EE2C75D00077BDD /* ThirdParty */ = {
			isa = PBXGroup;
			children = (
			);
			path = ThirdParty;
			sourceTree = "<group>";
		};
		E4CD7C931EE2C75D00077BDD /* Utils */ = {
			isa = PBXGroup;
			children = (
				E4D654D61EE84B770087874E /* Extensions */,
				E4D654D91EE8514E0087874E /* QLGlobalUtils.swift */,
			);
			path = Utils;
			sourceTree = "<group>";
		};
		E4D654D61EE84B770087874E /* Extensions */ = {
			isa = PBXGroup;
			children = (
				E49D761E1F3A0E2900846985 /* UIScreen+QLExtension.swift */,
				E49D76261F3AAC9600846985 /* String+QLFilepath.swift */,
				E49D76201F3A13CD00846985 /* UIBarButtonItem+QLExtension.swift */,
				E49D76281F3AF19500846985 /* UIDeviceExtension.swift */,
			);
			path = Extensions;
			sourceTree = "<group>";
		};
		E4D654DB1EE855810087874E /* Resource */ = {
			isa = PBXGroup;
			children = (
				E45D34C11EEF94890083C93D /* main.json */,
				E45D34B61EEF786A0083C93D /* meng.json */,
				E42424161ECA8FA50055A715 /* Assets.xcassets */,
				E4D654DC1EE855810087874E /* Info.plist */,
			);
			path = Resource;
			sourceTree = "<group>";
		};
		E62C0DFF2CEBAACACD093B5C /* Frameworks */ = {
			isa = PBXGroup;
			children = (
				1A3CF805D806EDA066C9EEF6 /* Pods_JJA_Swift.framework */,
			);
			name = Frameworks;
			sourceTree = "<group>";
		};
/* End PBXGroup section */

/* Begin PBXNativeTarget section */
		E424240B1ECA8FA50055A715 /* JJA_Swift */ = {
			isa = PBXNativeTarget;
			buildConfigurationList = E42424341ECA8FA50055A715 /* Build configuration list for PBXNativeTarget "JJA_Swift" */;
			buildPhases = (
				9A487C44AAAD7E59E2077E0A /* [CP] Check Pods Manifest.lock */,
				E42424081ECA8FA50055A715 /* Sources */,
				E42424091ECA8FA50055A715 /* Frameworks */,
				E424240A1ECA8FA50055A715 /* Resources */,
				521D030A175493B2B8A5D0DF /* [CP] Embed Pods Frameworks */,
				07D8EFD2A9BA11D8F83860BD /* [CP] Copy Pods Resources */,
			);
			buildRules = (
			);
			dependencies = (
			);
			name = JJA_Swift;
			productName = JJA_Swift;
			productReference = E424240C1ECA8FA50055A715 /* JJA_Swift.app */;
			productType = "com.apple.product-type.application";
		};
		E424241F1ECA8FA50055A715 /* JJA_SwiftTests */ = {
			isa = PBXNativeTarget;
			buildConfigurationList = E42424371ECA8FA50055A715 /* Build configuration list for PBXNativeTarget "JJA_SwiftTests" */;
			buildPhases = (
				E424241C1ECA8FA50055A715 /* Sources */,
				E424241D1ECA8FA50055A715 /* Frameworks */,
				E424241E1ECA8FA50055A715 /* Resources */,
			);
			buildRules = (
			);
			dependencies = (
				E42424221ECA8FA50055A715 /* PBXTargetDependency */,
			);
			name = JJA_SwiftTests;
			productName = JJA_SwiftTests;
			productReference = E42424201ECA8FA50055A715 /* JJA_SwiftTests.xctest */;
			productType = "com.apple.product-type.bundle.unit-test";
		};
		E424242A1ECA8FA50055A715 /* JJA_SwiftUITests */ = {
			isa = PBXNativeTarget;
			buildConfigurationList = E424243A1ECA8FA50055A715 /* Build configuration list for PBXNativeTarget "JJA_SwiftUITests" */;
			buildPhases = (
				E42424271ECA8FA50055A715 /* Sources */,
				E42424281ECA8FA50055A715 /* Frameworks */,
				E42424291ECA8FA50055A715 /* Resources */,
			);
			buildRules = (
			);
			dependencies = (
				E424242D1ECA8FA50055A715 /* PBXTargetDependency */,
			);
			name = JJA_SwiftUITests;
			productName = JJA_SwiftUITests;
			productReference = E424242B1ECA8FA50055A715 /* JJA_SwiftUITests.xctest */;
			productType = "com.apple.product-type.bundle.ui-testing";
		};
/* End PBXNativeTarget section */

/* Begin PBXProject section */
		E42424041ECA8FA50055A715 /* Project object */ = {
			isa = PBXProject;
			attributes = {
				LastSwiftUpdateCheck = 0830;
				LastUpgradeCheck = 0830;
				ORGANIZATIONNAME = "MQL-IT";
				TargetAttributes = {
					E424240B1ECA8FA50055A715 = {
						CreatedOnToolsVersion = 8.3.2;
						DevelopmentTeam = 883RB2PT5K;
						ProvisioningStyle = Automatic;
					};
					E424241F1ECA8FA50055A715 = {
						CreatedOnToolsVersion = 8.3.2;
						DevelopmentTeam = 883RB2PT5K;
						ProvisioningStyle = Automatic;
						TestTargetID = E424240B1ECA8FA50055A715;
					};
					E424242A1ECA8FA50055A715 = {
						CreatedOnToolsVersion = 8.3.2;
						DevelopmentTeam = 883RB2PT5K;
						ProvisioningStyle = Automatic;
						TestTargetID = E424240B1ECA8FA50055A715;
					};
				};
			};
			buildConfigurationList = E42424071ECA8FA50055A715 /* Build configuration list for PBXProject "JJA_Swift" */;
			compatibilityVersion = "Xcode 3.2";
			developmentRegion = English;
			hasScannedForEncodings = 0;
			knownRegions = (
				en,
				Base,
			);
			mainGroup = E42424031ECA8FA50055A715;
			productRefGroup = E424240D1ECA8FA50055A715 /* Products */;
			projectDirPath = "";
			projectRoot = "";
			targets = (
				E424240B1ECA8FA50055A715 /* JJA_Swift */,
				E424241F1ECA8FA50055A715 /* JJA_SwiftTests */,
				E424242A1ECA8FA50055A715 /* JJA_SwiftUITests */,
			);
		};
/* End PBXProject section */

/* Begin PBXResourcesBuildPhase section */
		E424240A1ECA8FA50055A715 /* Resources */ = {
			isa = PBXResourcesBuildPhase;
			buildActionMask = 2147483647;
			files = (
				E45D34B71EEF786A0083C93D /* meng.json in Resources */,
				E4D654DD1EE855810087874E /* Info.plist in Resources */,
				E45D34C21EEF94890083C93D /* main.json in Resources */,
				E42424171ECA8FA50055A715 /* Assets.xcassets in Resources */,
			);
			runOnlyForDeploymentPostprocessing = 0;
		};
		E424241E1ECA8FA50055A715 /* Resources */ = {
			isa = PBXResourcesBuildPhase;
			buildActionMask = 2147483647;
			files = (
			);
			runOnlyForDeploymentPostprocessing = 0;
		};
		E42424291ECA8FA50055A715 /* Resources */ = {
			isa = PBXResourcesBuildPhase;
			buildActionMask = 2147483647;
			files = (
			);
			runOnlyForDeploymentPostprocessing = 0;
		};
/* End PBXResourcesBuildPhase section */

/* Begin PBXShellScriptBuildPhase section */
		07D8EFD2A9BA11D8F83860BD /* [CP] Copy Pods Resources */ = {
			isa = PBXShellScriptBuildPhase;
			buildActionMask = 2147483647;
			files = (
			);
			inputPaths = (
			);
			name = "[CP] Copy Pods Resources";
			outputPaths = (
			);
			runOnlyForDeploymentPostprocessing = 0;
			shellPath = /bin/sh;
			shellScript = "\"${SRCROOT}/Pods/Target Support Files/Pods-JJA_Swift/Pods-JJA_Swift-resources.sh\"\n";
			showEnvVarsInLog = 0;
		};
		521D030A175493B2B8A5D0DF /* [CP] Embed Pods Frameworks */ = {
			isa = PBXShellScriptBuildPhase;
			buildActionMask = 2147483647;
			files = (
			);
			inputPaths = (
			);
			name = "[CP] Embed Pods Frameworks";
			outputPaths = (
			);
			runOnlyForDeploymentPostprocessing = 0;
			shellPath = /bin/sh;
			shellScript = "\"${SRCROOT}/Pods/Target Support Files/Pods-JJA_Swift/Pods-JJA_Swift-frameworks.sh\"\n";
			showEnvVarsInLog = 0;
		};
		9A487C44AAAD7E59E2077E0A /* [CP] Check Pods Manifest.lock */ = {
			isa = PBXShellScriptBuildPhase;
			buildActionMask = 2147483647;
			files = (
			);
			inputPaths = (
			);
			name = "[CP] Check Pods Manifest.lock";
			outputPaths = (
			);
			runOnlyForDeploymentPostprocessing = 0;
			shellPath = /bin/sh;
			shellScript = "diff \"${PODS_ROOT}/../Podfile.lock\" \"${PODS_ROOT}/Manifest.lock\" > /dev/null\nif [ $? != 0 ] ; then\n    # print error to STDERR\n    echo \"error: The sandbox is not in sync with the Podfile.lock. Run 'pod install' or update your CocoaPods installation.\" >&2\n    exit 1\nfi\n";
			showEnvVarsInLog = 0;
		};
/* End PBXShellScriptBuildPhase section */

/* Begin PBXSourcesBuildPhase section */
		E42424081ECA8FA50055A715 /* Sources */ = {
			isa = PBXSourcesBuildPhase;
			buildActionMask = 2147483647;
			files = (
				E4D654D51EE847A40087874E /* AppDelegate+QLCommon.swift in Sources */,
				E45D34D11EEF96C50083C93D /* MessageViewController.swift in Sources */,
				E4D654DA1EE8514E0087874E /* QLGlobalUtils.swift in Sources */,
				E4CD7C951EE2C78800077BDD /* AppDelegate.swift in Sources */,
				E49D76231F3A15C600846985 /* BaseViewController.swift in Sources */,
				E49D76191F3A0C2900846985 /* NavigationController.swift in Sources */,
				E49D761F1F3A0E2900846985 /* UIScreen+QLExtension.swift in Sources */,
				E42490FC1EF13E5E00343E62 /* JsonModelProtocal.swift in Sources */,
				E42490F61EF1196300343E62 /* HTTPService.swift in Sources */,
				E49D76251F3A17FB00846985 /* JJALoginController.swift in Sources */,
				E42490F81EF1201500343E62 /* QLHTTPTools.swift in Sources */,
				E49D761C1F3A0C8E00846985 /* JJANewFeatureView.swift in Sources */,
				E4D654D81EE84BFE0087874E /* AppCommonInfo.swift in Sources */,
				E45D34CB1EEF96420083C93D /* HomeViewController.swift in Sources */,
				E49D76181F3A0C2900846985 /* MainTabBarController.swift in Sources */,
				E49D76141F3A0AF500846985 /* AccountModel.swift in Sources */,
				E49D76121F3A06C800846985 /* JJAConfigModel.swift in Sources */,
				E49D76291F3AF19500846985 /* UIDeviceExtension.swift in Sources */,
				E45D34CF1EEF96B60083C93D /* ProfileViewController.swift in Sources */,
				E45D34CD1EEF96630083C93D /* ManagerViewController.swift in Sources */,
				E49D76271F3AAC9600846985 /* String+QLFilepath.swift in Sources */,
				E49D76211F3A13CD00846985 /* UIBarButtonItem+QLExtension.swift in Sources */,
			);
			runOnlyForDeploymentPostprocessing = 0;
		};
		E424241C1ECA8FA50055A715 /* Sources */ = {
			isa = PBXSourcesBuildPhase;
			buildActionMask = 2147483647;
			files = (
				E42424251ECA8FA50055A715 /* JJA_SwiftTests.swift in Sources */,
			);
			runOnlyForDeploymentPostprocessing = 0;
		};
		E42424271ECA8FA50055A715 /* Sources */ = {
			isa = PBXSourcesBuildPhase;
			buildActionMask = 2147483647;
			files = (
				E42424301ECA8FA50055A715 /* JJA_SwiftUITests.swift in Sources */,
			);
			runOnlyForDeploymentPostprocessing = 0;
		};
/* End PBXSourcesBuildPhase section */

/* Begin PBXTargetDependency section */
		E42424221ECA8FA50055A715 /* PBXTargetDependency */ = {
			isa = PBXTargetDependency;
			target = E424240B1ECA8FA50055A715 /* JJA_Swift */;
			targetProxy = E42424211ECA8FA50055A715 /* PBXContainerItemProxy */;
		};
		E424242D1ECA8FA50055A715 /* PBXTargetDependency */ = {
			isa = PBXTargetDependency;
			target = E424240B1ECA8FA50055A715 /* JJA_Swift */;
			targetProxy = E424242C1ECA8FA50055A715 /* PBXContainerItemProxy */;
		};
/* End PBXTargetDependency section */

/* Begin XCBuildConfiguration section */
		E42424321ECA8FA50055A715 /* Debug */ = {
			isa = XCBuildConfiguration;
			buildSettings = {
				ALWAYS_SEARCH_USER_PATHS = NO;
				CLANG_ANALYZER_NONNULL = YES;
				CLANG_ANALYZER_NUMBER_OBJECT_CONVERSION = YES_AGGRESSIVE;
				CLANG_CXX_LANGUAGE_STANDARD = "gnu++0x";
				CLANG_CXX_LIBRARY = "libc++";
				CLANG_ENABLE_MODULES = YES;
				CLANG_ENABLE_OBJC_ARC = YES;
				CLANG_WARN_BOOL_CONVERSION = YES;
				CLANG_WARN_CONSTANT_CONVERSION = YES;
				CLANG_WARN_DIRECT_OBJC_ISA_USAGE = YES_ERROR;
				CLANG_WARN_DOCUMENTATION_COMMENTS = YES;
				CLANG_WARN_EMPTY_BODY = YES;
				CLANG_WARN_ENUM_CONVERSION = YES;
				CLANG_WARN_INFINITE_RECURSION = YES;
				CLANG_WARN_INT_CONVERSION = YES;
				CLANG_WARN_OBJC_ROOT_CLASS = YES_ERROR;
				CLANG_WARN_SUSPICIOUS_MOVE = YES;
				CLANG_WARN_UNREACHABLE_CODE = YES;
				CLANG_WARN__DUPLICATE_METHOD_MATCH = YES;
				"CODE_SIGN_IDENTITY[sdk=iphoneos*]" = "iPhone Developer";
				COPY_PHASE_STRIP = NO;
				DEBUG_INFORMATION_FORMAT = dwarf;
				ENABLE_STRICT_OBJC_MSGSEND = YES;
				ENABLE_TESTABILITY = YES;
				GCC_C_LANGUAGE_STANDARD = gnu99;
				GCC_DYNAMIC_NO_PIC = NO;
				GCC_NO_COMMON_BLOCKS = YES;
				GCC_OPTIMIZATION_LEVEL = 0;
				GCC_PREPROCESSOR_DEFINITIONS = (
					"DEBUG=1",
					"$(inherited)",
				);
				GCC_WARN_64_TO_32_BIT_CONVERSION = YES;
				GCC_WARN_ABOUT_RETURN_TYPE = YES_ERROR;
				GCC_WARN_UNDECLARED_SELECTOR = YES;
				GCC_WARN_UNINITIALIZED_AUTOS = YES_AGGRESSIVE;
				GCC_WARN_UNUSED_FUNCTION = YES;
				GCC_WARN_UNUSED_VARIABLE = YES;
				IPHONEOS_DEPLOYMENT_TARGET = 10.3;
				MTL_ENABLE_DEBUG_INFO = YES;
				ONLY_ACTIVE_ARCH = YES;
				SDKROOT = iphoneos;
				SWIFT_ACTIVE_COMPILATION_CONDITIONS = DEBUG;
				SWIFT_OPTIMIZATION_LEVEL = "-Onone";
			};
			name = Debug;
		};
		E42424331ECA8FA50055A715 /* Release */ = {
			isa = XCBuildConfiguration;
			buildSettings = {
				ALWAYS_SEARCH_USER_PATHS = NO;
				CLANG_ANALYZER_NONNULL = YES;
				CLANG_ANALYZER_NUMBER_OBJECT_CONVERSION = YES_AGGRESSIVE;
				CLANG_CXX_LANGUAGE_STANDARD = "gnu++0x";
				CLANG_CXX_LIBRARY = "libc++";
				CLANG_ENABLE_MODULES = YES;
				CLANG_ENABLE_OBJC_ARC = YES;
				CLANG_WARN_BOOL_CONVERSION = YES;
				CLANG_WARN_CONSTANT_CONVERSION = YES;
				CLANG_WARN_DIRECT_OBJC_ISA_USAGE = YES_ERROR;
				CLANG_WARN_DOCUMENTATION_COMMENTS = YES;
				CLANG_WARN_EMPTY_BODY = YES;
				CLANG_WARN_ENUM_CONVERSION = YES;
				CLANG_WARN_INFINITE_RECURSION = YES;
				CLANG_WARN_INT_CONVERSION = YES;
				CLANG_WARN_OBJC_ROOT_CLASS = YES_ERROR;
				CLANG_WARN_SUSPICIOUS_MOVE = YES;
				CLANG_WARN_UNREACHABLE_CODE = YES;
				CLANG_WARN__DUPLICATE_METHOD_MATCH = YES;
				"CODE_SIGN_IDENTITY[sdk=iphoneos*]" = "iPhone Developer";
				COPY_PHASE_STRIP = NO;
				DEBUG_INFORMATION_FORMAT = "dwarf-with-dsym";
				ENABLE_NS_ASSERTIONS = NO;
				ENABLE_STRICT_OBJC_MSGSEND = YES;
				GCC_C_LANGUAGE_STANDARD = gnu99;
				GCC_NO_COMMON_BLOCKS = YES;
				GCC_WARN_64_TO_32_BIT_CONVERSION = YES;
				GCC_WARN_ABOUT_RETURN_TYPE = YES_ERROR;
				GCC_WARN_UNDECLARED_SELECTOR = YES;
				GCC_WARN_UNINITIALIZED_AUTOS = YES_AGGRESSIVE;
				GCC_WARN_UNUSED_FUNCTION = YES;
				GCC_WARN_UNUSED_VARIABLE = YES;
				IPHONEOS_DEPLOYMENT_TARGET = 10.3;
				MTL_ENABLE_DEBUG_INFO = NO;
				SDKROOT = iphoneos;
				SWIFT_OPTIMIZATION_LEVEL = "-Owholemodule";
				VALIDATE_PRODUCT = YES;
			};
			name = Release;
		};
		E42424351ECA8FA50055A715 /* Debug */ = {
			isa = XCBuildConfiguration;
			baseConfigurationReference = 843C41E9AC0AB4677C76BC33 /* Pods-JJA_Swift.debug.xcconfig */;
			buildSettings = {
				ASSETCATALOG_COMPILER_APPICON_NAME = AppIcon;
				ASSETCATALOG_COMPILER_LAUNCHIMAGE_NAME = LaunchImage;
				DEVELOPMENT_TEAM = 883RB2PT5K;
				INFOPLIST_FILE = /Users/mengqingling/jja_swift/JJA_Swift/JJA_Swift/Resource/Info.plist;
				LD_RUNPATH_SEARCH_PATHS = "$(inherited) @executable_path/Frameworks";
				PRODUCT_BUNDLE_IDENTIFIER = "jujiao.com.JJA-Swift";
				PRODUCT_NAME = "$(TARGET_NAME)";
				SWIFT_VERSION = 3.0;
			};
			name = Debug;
		};
		E42424361ECA8FA50055A715 /* Release */ = {
			isa = XCBuildConfiguration;
			baseConfigurationReference = 26B75E4B7E55631DC185A3C8 /* Pods-JJA_Swift.release.xcconfig */;
			buildSettings = {
				ASSETCATALOG_COMPILER_APPICON_NAME = AppIcon;
				ASSETCATALOG_COMPILER_LAUNCHIMAGE_NAME = LaunchImage;
				DEVELOPMENT_TEAM = 883RB2PT5K;
				INFOPLIST_FILE = /Users/mengqingling/jja_swift/JJA_Swift/JJA_Swift/Resource/Info.plist;
				LD_RUNPATH_SEARCH_PATHS = "$(inherited) @executable_path/Frameworks";
				PRODUCT_BUNDLE_IDENTIFIER = "jujiao.com.JJA-Swift";
				PRODUCT_NAME = "$(TARGET_NAME)";
				SWIFT_VERSION = 3.0;
			};
			name = Release;
		};
		E42424381ECA8FA50055A715 /* Debug */ = {
			isa = XCBuildConfiguration;
			buildSettings = {
				ALWAYS_EMBED_SWIFT_STANDARD_LIBRARIES = YES;
				BUNDLE_LOADER = "$(TEST_HOST)";
				DEVELOPMENT_TEAM = 883RB2PT5K;
				INFOPLIST_FILE = JJA_SwiftTests/Info.plist;
				LD_RUNPATH_SEARCH_PATHS = "$(inherited) @executable_path/Frameworks @loader_path/Frameworks";
				PRODUCT_BUNDLE_IDENTIFIER = "jujiao.com.JJA-SwiftTests";
				PRODUCT_NAME = "$(TARGET_NAME)";
				SWIFT_VERSION = 3.0;
				TEST_HOST = "$(BUILT_PRODUCTS_DIR)/JJA_Swift.app/JJA_Swift";
			};
			name = Debug;
		};
		E42424391ECA8FA50055A715 /* Release */ = {
			isa = XCBuildConfiguration;
			buildSettings = {
				ALWAYS_EMBED_SWIFT_STANDARD_LIBRARIES = YES;
				BUNDLE_LOADER = "$(TEST_HOST)";
				DEVELOPMENT_TEAM = 883RB2PT5K;
				INFOPLIST_FILE = JJA_SwiftTests/Info.plist;
				LD_RUNPATH_SEARCH_PATHS = "$(inherited) @executable_path/Frameworks @loader_path/Frameworks";
				PRODUCT_BUNDLE_IDENTIFIER = "jujiao.com.JJA-SwiftTests";
				PRODUCT_NAME = "$(TARGET_NAME)";
				SWIFT_VERSION = 3.0;
				TEST_HOST = "$(BUILT_PRODUCTS_DIR)/JJA_Swift.app/JJA_Swift";
			};
			name = Release;
		};
		E424243B1ECA8FA50055A715 /* Debug */ = {
			isa = XCBuildConfiguration;
			buildSettings = {
				ALWAYS_EMBED_SWIFT_STANDARD_LIBRARIES = YES;
				DEVELOPMENT_TEAM = 883RB2PT5K;
				INFOPLIST_FILE = JJA_SwiftUITests/Info.plist;
				LD_RUNPATH_SEARCH_PATHS = "$(inherited) @executable_path/Frameworks @loader_path/Frameworks";
				PRODUCT_BUNDLE_IDENTIFIER = "jujiao.com.JJA-SwiftUITests";
				PRODUCT_NAME = "$(TARGET_NAME)";
				SWIFT_VERSION = 3.0;
				TEST_TARGET_NAME = JJA_Swift;
			};
			name = Debug;
		};
		E424243C1ECA8FA50055A715 /* Release */ = {
			isa = XCBuildConfiguration;
			buildSettings = {
				ALWAYS_EMBED_SWIFT_STANDARD_LIBRARIES = YES;
				DEVELOPMENT_TEAM = 883RB2PT5K;
				INFOPLIST_FILE = JJA_SwiftUITests/Info.plist;
				LD_RUNPATH_SEARCH_PATHS = "$(inherited) @executable_path/Frameworks @loader_path/Frameworks";
				PRODUCT_BUNDLE_IDENTIFIER = "jujiao.com.JJA-SwiftUITests";
				PRODUCT_NAME = "$(TARGET_NAME)";
				SWIFT_VERSION = 3.0;
				TEST_TARGET_NAME = JJA_Swift;
			};
			name = Release;
		};
/* End XCBuildConfiguration section */

/* Begin XCConfigurationList section */
		E42424071ECA8FA50055A715 /* Build configuration list for PBXProject "JJA_Swift" */ = {
			isa = XCConfigurationList;
			buildConfigurations = (
				E42424321ECA8FA50055A715 /* Debug */,
				E42424331ECA8FA50055A715 /* Release */,
			);
			defaultConfigurationIsVisible = 0;
			defaultConfigurationName = Release;
		};
		E42424341ECA8FA50055A715 /* Build configuration list for PBXNativeTarget "JJA_Swift" */ = {
			isa = XCConfigurationList;
			buildConfigurations = (
				E42424351ECA8FA50055A715 /* Debug */,
				E42424361ECA8FA50055A715 /* Release */,
			);
			defaultConfigurationIsVisible = 0;
			defaultConfigurationName = Release;
		};
		E42424371ECA8FA50055A715 /* Build configuration list for PBXNativeTarget "JJA_SwiftTests" */ = {
			isa = XCConfigurationList;
			buildConfigurations = (
				E42424381ECA8FA50055A715 /* Debug */,
				E42424391ECA8FA50055A715 /* Release */,
			);
			defaultConfigurationIsVisible = 0;
			defaultConfigurationName = Release;
		};
		E424243A1ECA8FA50055A715 /* Build configuration list for PBXNativeTarget "JJA_SwiftUITests" */ = {
			isa = XCConfigurationList;
			buildConfigurations = (
				E424243B1ECA8FA50055A715 /* Debug */,
				E424243C1ECA8FA50055A715 /* Release */,
			);
			defaultConfigurationIsVisible = 0;
			defaultConfigurationName = Release;
		};
/* End XCConfigurationList section */
	};
	rootObject = E42424041ECA8FA50055A715 /* Project object */;
}
